
Microsoft Visual Studio Solution File, Format Version 12.00
# Visual Studio Version 17
VisualStudioVersion = 17.0.31903.59
MinimumVisualStudioVersion = 10.0.40219.1
Project("{9A19103F-16F7-4668-BE54-9A1E7A4F7556}") = "MandelbrotZoom.UI", ".\MandelbrotZoom.UI\MandelbrotZoom.UI.csproj", "{1A784479-391D-416F-8054-CF5552BE4C89}"
EndProject
Project("{FAE04EC0-301F-11D3-BF4B-00C04F79EFBC}") = "MandelbrotZoom.Library", ".\MandelbrotZoom.Library\MandelbrotZoom.Library.csproj", "{E746505A-E962-4AA5-963C-ACF72519987C}"
EndProject
Global
	GlobalSection(SolutionConfigurationPlatforms) = preSolution
		Debug|Any CPU = Debug|Any CPU
		Release|Any CPU = Release|Any CPU
	EndGlobalSection
	GlobalSection(ProjectConfigurationPlatforms) = postSolution
		{1A784479-391D-416F-8054-CF5552BE4C89}.Debug|Any CPU.ActiveCfg = Debug|Any CPU
		{1A784479-391D-416F-8054-CF5552BE4C89}.Debug|Any CPU.Build.0 = Debug|Any CPU
		{1A784479-391D-416F-8054-CF5552BE4C89}.Release|Any CPU.ActiveCfg = Release|Any CPU
		{1A784479-391D-416F-8054-CF5552BE4C89}.Release|Any CPU.Build.0 = Release|Any CPU
		{E746505A-E962-4AA5-963C-ACF72519987C}.Debug|Any CPU.ActiveCfg = Debug|Any CPU
		{E746505A-E962-4AA5-963C-ACF72519987C}.Debug|Any CPU.Build.0 = Debug|Any CPU
		{E746505A-E962-4AA5-963C-ACF72519987C}.Release|Any CPU.ActiveCfg = Release|Any CPU
		{E746505A-E962-4AA5-963C-ACF72519987C}.Release|Any CPU.Build.0 = Release|Any CPU
	EndGlobalSection
	GlobalSection(SolutionProperties) = preSolution
		HideSolutionNode = FALSE
	EndGlobalSection
	GlobalSection(ExtensibilityGlobals) = postSolution
		SolutionGuid = {4E7B4426-0F7F-4238-9848-BD2D3AD84700}
	EndGlobalSection
EndGlobal
